
Microsoft Visual Studio Solution File, Format Version 12.00
# Visual Studio Version 16
VisualStudioVersion = 16.0.29728.190
MinimumVisualStudioVersion = 10.0.40219.1
Project("{888888A0-9F3D-457C-B088-3A5042F75D52}") = "HGR_CNN", "HGR_CNN\HGR_CNN.pyproj", "{8794F2F6-3CF3-4CC3-A2A7-841C232AC839}"
EndProject
Global
	GlobalSection(SolutionConfigurationPlatforms) = preSolution
		Debug|Any CPU = Debug|Any CPU
		Release|Any CPU = Release|Any CPU
	EndGlobalSection
	GlobalSection(ProjectConfigurationPlatforms) = postSolution
		{8794F2F6-3CF3-4CC3-A2A7-841C232AC839}.Debug|Any CPU.ActiveCfg = Debug|Any CPU
		{8794F2F6-3CF3-4CC3-A2A7-841C232AC839}.Release|Any CPU.ActiveCfg = Release|Any CPU
	EndGlobalSection
	GlobalSection(SolutionProperties) = preSolution
		HideSolutionNode = FALSE
	EndGlobalSection
	GlobalSection(ExtensibilityGlobals) = postSolution
		SolutionGuid = {12EBB0CD-8FA2-4DBB-9629-C4E29869354F}
	EndGlobalSection
EndGlobal
